
Microsoft Visual Studio Solution File, Format Version 12.00
# Visual Studio 15
VisualStudioVersion = 15.0.28307.645
MinimumVisualStudioVersion = 10.0.40219.1
Project("{F184B08F-C81C-45F6-A57F-5ABD9991F28F}") = "Video Streamer", "Video Streamer\Video Streamer.vbproj", "{2BD31310-2DF9-40F0-9AD1-869EB4494784}"
EndProject
Global
	GlobalSection(SolutionConfigurationPlatforms) = preSolution
		Debug|Any CPU = Debug|Any CPU
		Release|Any CPU = Release|Any CPU
	EndGlobalSection
	GlobalSection(ProjectConfigurationPlatforms) = postSolution
		{2BD31310-2DF9-40F0-9AD1-869EB4494784}.Debug|Any CPU.ActiveCfg = Debug|Any CPU
		{2BD31310-2DF9-40F0-9AD1-869EB4494784}.Debug|Any CPU.Build.0 = Debug|Any CPU
		{2BD31310-2DF9-40F0-9AD1-869EB4494784}.Release|Any CPU.ActiveCfg = Release|Any CPU
		{2BD31310-2DF9-40F0-9AD1-869EB4494784}.Release|Any CPU.Build.0 = Release|Any CPU
	EndGlobalSection
	GlobalSection(SolutionProperties) = preSolution
		HideSolutionNode = FALSE
	EndGlobalSection
	GlobalSection(ExtensibilityGlobals) = postSolution
		SolutionGuid = {494ACD45-77F8-4426-98ED-FF21240F1FC6}
	EndGlobalSection
EndGlobal
